
Microsoft Visual Studio Solution File, Format Version 12.00
# Visual Studio Version 17
VisualStudioVersion = 17.8.34322.80
MinimumVisualStudioVersion = 10.0.40219.1
Project("{FAE04EC0-301F-11D3-BF4B-00C04F79EFBC}") = "kasir", "dua satu\kasir.csproj", "{C70779A8-90B5-4B67-8658-85BC99F6ADB3}"
EndProject
Global
	GlobalSection(SolutionConfigurationPlatforms) = preSolution
		Debug|Any CPU = Debug|Any CPU
		Release|Any CPU = Release|Any CPU
	EndGlobalSection
	GlobalSection(ProjectConfigurationPlatforms) = postSolution
		{C70779A8-90B5-4B67-8658-85BC99F6ADB3}.Debug|Any CPU.ActiveCfg = Debug|Any CPU
		{C70779A8-90B5-4B67-8658-85BC99F6ADB3}.Debug|Any CPU.Build.0 = Debug|Any CPU
		{C70779A8-90B5-4B67-8658-85BC99F6ADB3}.Release|Any CPU.ActiveCfg = Release|Any CPU
		{C70779A8-90B5-4B67-8658-85BC99F6ADB3}.Release|Any CPU.Build.0 = Release|Any CPU
	EndGlobalSection
	GlobalSection(SolutionProperties) = preSolution
		HideSolutionNode = FALSE
	EndGlobalSection
	GlobalSection(ExtensibilityGlobals) = postSolution
		SolutionGuid = {2F80F06B-3004-4B93-BD9E-672557401CC4}
	EndGlobalSection
EndGlobal
